
Microsoft Visual Studio Solution File, Format Version 12.00
# Visual Studio Version 16
VisualStudioVersion = 16.0.30523.141
MinimumVisualStudioVersion = 10.0.40219.1
Project("{FAE04EC0-301F-11D3-BF4B-00C04F79EFBC}") = "REPARATION TELEPHONE", "REPARATION TELEPHONE\REPARATION TELEPHONE.csproj", "{2FD9A0EE-B6A5-4AD3-8C3E-73DD8C5B1210}"
EndProject
Global
	GlobalSection(SolutionConfigurationPlatforms) = preSolution
		Debug|Any CPU = Debug|Any CPU
		Release|Any CPU = Release|Any CPU
	EndGlobalSection
	GlobalSection(ProjectConfigurationPlatforms) = postSolution
		{2FD9A0EE-B6A5-4AD3-8C3E-73DD8C5B1210}.Debug|Any CPU.ActiveCfg = Debug|Any CPU
		{2FD9A0EE-B6A5-4AD3-8C3E-73DD8C5B1210}.Debug|Any CPU.Build.0 = Debug|Any CPU
		{2FD9A0EE-B6A5-4AD3-8C3E-73DD8C5B1210}.Release|Any CPU.ActiveCfg = Release|Any CPU
		{2FD9A0EE-B6A5-4AD3-8C3E-73DD8C5B1210}.Release|Any CPU.Build.0 = Release|Any CPU
	EndGlobalSection
	GlobalSection(SolutionProperties) = preSolution
		HideSolutionNode = FALSE
	EndGlobalSection
	GlobalSection(ExtensibilityGlobals) = postSolution
		SolutionGuid = {98916C0D-B042-4D50-9733-BCB598D7D2C6}
	EndGlobalSection
EndGlobal
